
Microsoft Visual Studio Solution File, Format Version 12.00
# Visual Studio Version 16
VisualStudioVersion = 16.0.29613.14
MinimumVisualStudioVersion = 10.0.40219.1
Project("{FAE04EC0-301F-11D3-BF4B-00C04F79EFBC}") = "1", "1\1.csproj", "{A7B91554-1D49-4317-A348-A8C2E5F7CEDA}"
EndProject
Global
	GlobalSection(SolutionConfigurationPlatforms) = preSolution
		Debug|Any CPU = Debug|Any CPU
		Release|Any CPU = Release|Any CPU
	EndGlobalSection
	GlobalSection(ProjectConfigurationPlatforms) = postSolution
		{A7B91554-1D49-4317-A348-A8C2E5F7CEDA}.Debug|Any CPU.ActiveCfg = Debug|Any CPU
		{A7B91554-1D49-4317-A348-A8C2E5F7CEDA}.Debug|Any CPU.Build.0 = Debug|Any CPU
		{A7B91554-1D49-4317-A348-A8C2E5F7CEDA}.Release|Any CPU.ActiveCfg = Release|Any CPU
		{A7B91554-1D49-4317-A348-A8C2E5F7CEDA}.Release|Any CPU.Build.0 = Release|Any CPU
	EndGlobalSection
	GlobalSection(SolutionProperties) = preSolution
		HideSolutionNode = FALSE
	EndGlobalSection
	GlobalSection(ExtensibilityGlobals) = postSolution
		SolutionGuid = {D871C7A7-C530-455D-A07D-469A07930F56}
	EndGlobalSection
EndGlobal
