
Microsoft Visual Studio Solution File, Format Version 12.00
# Visual Studio Version 16
VisualStudioVersion = 16.0.29519.87
MinimumVisualStudioVersion = 10.0.40219.1
Project("{FAE04EC0-301F-11D3-BF4B-00C04F79EFBC}") = "9", "9\9.csproj", "{B7E568E3-F6C6-4578-8B84-F517E229FB64}"
EndProject
Global
	GlobalSection(SolutionConfigurationPlatforms) = preSolution
		Debug|Any CPU = Debug|Any CPU
		Release|Any CPU = Release|Any CPU
	EndGlobalSection
	GlobalSection(ProjectConfigurationPlatforms) = postSolution
		{B7E568E3-F6C6-4578-8B84-F517E229FB64}.Debug|Any CPU.ActiveCfg = Debug|Any CPU
		{B7E568E3-F6C6-4578-8B84-F517E229FB64}.Debug|Any CPU.Build.0 = Debug|Any CPU
		{B7E568E3-F6C6-4578-8B84-F517E229FB64}.Release|Any CPU.ActiveCfg = Release|Any CPU
		{B7E568E3-F6C6-4578-8B84-F517E229FB64}.Release|Any CPU.Build.0 = Release|Any CPU
	EndGlobalSection
	GlobalSection(SolutionProperties) = preSolution
		HideSolutionNode = FALSE
	EndGlobalSection
	GlobalSection(ExtensibilityGlobals) = postSolution
		SolutionGuid = {8FB9E580-FC36-4193-B9E3-E954B5772698}
	EndGlobalSection
EndGlobal
