
Microsoft Visual Studio Solution File, Format Version 12.00
# Visual Studio Version 16
VisualStudioVersion = 16.0.29519.87
MinimumVisualStudioVersion = 10.0.40219.1
Project("{FAE04EC0-301F-11D3-BF4B-00C04F79EFBC}") = "1", "1\1.csproj", "{35FF5AB3-BBB8-4163-9521-C1B972084575}"
EndProject
Global
	GlobalSection(SolutionConfigurationPlatforms) = preSolution
		Debug|Any CPU = Debug|Any CPU
		Release|Any CPU = Release|Any CPU
	EndGlobalSection
	GlobalSection(ProjectConfigurationPlatforms) = postSolution
		{35FF5AB3-BBB8-4163-9521-C1B972084575}.Debug|Any CPU.ActiveCfg = Debug|Any CPU
		{35FF5AB3-BBB8-4163-9521-C1B972084575}.Debug|Any CPU.Build.0 = Debug|Any CPU
		{35FF5AB3-BBB8-4163-9521-C1B972084575}.Release|Any CPU.ActiveCfg = Release|Any CPU
		{35FF5AB3-BBB8-4163-9521-C1B972084575}.Release|Any CPU.Build.0 = Release|Any CPU
	EndGlobalSection
	GlobalSection(SolutionProperties) = preSolution
		HideSolutionNode = FALSE
	EndGlobalSection
	GlobalSection(ExtensibilityGlobals) = postSolution
		SolutionGuid = {63AFF4AC-8A8E-43A6-A59E-8D1D32078DDA}
	EndGlobalSection
EndGlobal
