
Microsoft Visual Studio Solution File, Format Version 12.00
# Visual Studio Version 16
VisualStudioVersion = 16.0.29519.87
MinimumVisualStudioVersion = 10.0.40219.1
Project("{FAE04EC0-301F-11D3-BF4B-00C04F79EFBC}") = "4", "4\4.csproj", "{DA81102D-DA0D-4236-B1B8-FB5A5D3AD8DD}"
EndProject
Global
	GlobalSection(SolutionConfigurationPlatforms) = preSolution
		Debug|Any CPU = Debug|Any CPU
		Release|Any CPU = Release|Any CPU
	EndGlobalSection
	GlobalSection(ProjectConfigurationPlatforms) = postSolution
		{DA81102D-DA0D-4236-B1B8-FB5A5D3AD8DD}.Debug|Any CPU.ActiveCfg = Debug|Any CPU
		{DA81102D-DA0D-4236-B1B8-FB5A5D3AD8DD}.Debug|Any CPU.Build.0 = Debug|Any CPU
		{DA81102D-DA0D-4236-B1B8-FB5A5D3AD8DD}.Release|Any CPU.ActiveCfg = Release|Any CPU
		{DA81102D-DA0D-4236-B1B8-FB5A5D3AD8DD}.Release|Any CPU.Build.0 = Release|Any CPU
	EndGlobalSection
	GlobalSection(SolutionProperties) = preSolution
		HideSolutionNode = FALSE
	EndGlobalSection
	GlobalSection(ExtensibilityGlobals) = postSolution
		SolutionGuid = {4FC5FBDB-A2D4-4B59-8C8C-EE900761F4F4}
	EndGlobalSection
EndGlobal
